
Microsoft Visual Studio Solution File, Format Version 12.00
# Visual Studio 15
VisualStudioVersion = 15.0.26403.3
MinimumVisualStudioVersion = 10.0.40219.1
Project("{2150E333-8FDC-42A3-9474-1A3956D46DE8}") = "src", "src", "{A41D7FF1-15E9-4EF9-BAD2-987162CB86F1}"
EndProject
Project("{FAE04EC0-301F-11D3-BF4B-00C04F79EFBC}") = "PlaylistManager.Domain", "PlaylistManager.Domain\PlaylistManager.Domain.csproj", "{E5D65AB8-FF06-4271-8E60-E2614F95E0B0}"
EndProject
Global
	GlobalSection(SolutionConfigurationPlatforms) = preSolution
		Debug|Any CPU = Debug|Any CPU
		Release|Any CPU = Release|Any CPU
	EndGlobalSection
	GlobalSection(ProjectConfigurationPlatforms) = postSolution
		{E5D65AB8-FF06-4271-8E60-E2614F95E0B0}.Debug|Any CPU.ActiveCfg = Debug|Any CPU
		{E5D65AB8-FF06-4271-8E60-E2614F95E0B0}.Debug|Any CPU.Build.0 = Debug|Any CPU
		{E5D65AB8-FF06-4271-8E60-E2614F95E0B0}.Release|Any CPU.ActiveCfg = Release|Any CPU
		{E5D65AB8-FF06-4271-8E60-E2614F95E0B0}.Release|Any CPU.Build.0 = Release|Any CPU
	EndGlobalSection
	GlobalSection(SolutionProperties) = preSolution
		HideSolutionNode = FALSE
	EndGlobalSection
	GlobalSection(NestedProjects) = preSolution
		{E5D65AB8-FF06-4271-8E60-E2614F95E0B0} = {A41D7FF1-15E9-4EF9-BAD2-987162CB86F1}
	EndGlobalSection
EndGlobal
