
Microsoft Visual Studio Solution File, Format Version 12.00
# Visual Studio 15
VisualStudioVersion = 15.0.26430.14
MinimumVisualStudioVersion = 10.0.40219.1
Project("{FAE04EC0-301F-11D3-BF4B-00C04F79EFBC}") = "PlaylistManager.View", "src\PlaylistManager.View\PlaylistManager.View.csproj", "{F7F6A783-E84B-4202-A7FA-0554CF679E9A}"
EndProject
Project("{FAE04EC0-301F-11D3-BF4B-00C04F79EFBC}") = "PlaylistManager.ViewModel", "src\PlaylistManager.ViewModel\PlaylistManager.ViewModel.csproj", "{4870430A-3525-42C5-8F0D-751BD5CC067D}"
EndProject
Project("{FAE04EC0-301F-11D3-BF4B-00C04F79EFBC}") = "PlaylistManager.Model", "src\PlaylistManager.Model\PlaylistManager.Model.csproj", "{7E0F3DDA-EC8B-4FCC-8CC0-63A821E4849F}"
EndProject
Global
	GlobalSection(SolutionConfigurationPlatforms) = preSolution
		Debug|Any CPU = Debug|Any CPU
		Release|Any CPU = Release|Any CPU
	EndGlobalSection
	GlobalSection(ProjectConfigurationPlatforms) = postSolution
		{F7F6A783-E84B-4202-A7FA-0554CF679E9A}.Debug|Any CPU.ActiveCfg = Debug|Any CPU
		{F7F6A783-E84B-4202-A7FA-0554CF679E9A}.Debug|Any CPU.Build.0 = Debug|Any CPU
		{F7F6A783-E84B-4202-A7FA-0554CF679E9A}.Release|Any CPU.ActiveCfg = Release|Any CPU
		{F7F6A783-E84B-4202-A7FA-0554CF679E9A}.Release|Any CPU.Build.0 = Release|Any CPU
		{4870430A-3525-42C5-8F0D-751BD5CC067D}.Debug|Any CPU.ActiveCfg = Debug|Any CPU
		{4870430A-3525-42C5-8F0D-751BD5CC067D}.Debug|Any CPU.Build.0 = Debug|Any CPU
		{4870430A-3525-42C5-8F0D-751BD5CC067D}.Release|Any CPU.ActiveCfg = Release|Any CPU
		{4870430A-3525-42C5-8F0D-751BD5CC067D}.Release|Any CPU.Build.0 = Release|Any CPU
		{7E0F3DDA-EC8B-4FCC-8CC0-63A821E4849F}.Debug|Any CPU.ActiveCfg = Debug|Any CPU
		{7E0F3DDA-EC8B-4FCC-8CC0-63A821E4849F}.Debug|Any CPU.Build.0 = Debug|Any CPU
		{7E0F3DDA-EC8B-4FCC-8CC0-63A821E4849F}.Release|Any CPU.ActiveCfg = Release|Any CPU
		{7E0F3DDA-EC8B-4FCC-8CC0-63A821E4849F}.Release|Any CPU.Build.0 = Release|Any CPU
	EndGlobalSection
	GlobalSection(SolutionProperties) = preSolution
		HideSolutionNode = FALSE
	EndGlobalSection
EndGlobal
